
Microsoft Visual Studio Solution File, Format Version 12.00
# Visual Studio 15
Project("{FAE04EC0-301F-11D3-BF4B-00C04F79EFBC}") = "Assembly-CSharp", "Assembly-CSharp.csproj", "{9ABDF611-9215-96E6-1BA1-1B72655729B3}"
EndProject
Project("{FAE04EC0-301F-11D3-BF4B-00C04F79EFBC}") = "Assembly-CSharp-firstpass", "Assembly-CSharp-firstpass.csproj", "{9DDC5251-D14B-FAB9-212D-1EE28BFC72F2}"
EndProject
Project("{FAE04EC0-301F-11D3-BF4B-00C04F79EFBC}") = "Assembly-CSharp-Editor-firstpass", "Assembly-CSharp-Editor-firstpass.csproj", "{AE944AD7-02E4-0893-A9D3-CCCD6109EF57}"
EndProject
Global
	GlobalSection(SolutionConfigurationPlatforms) = preSolution
		Debug|Any CPU = Debug|Any CPU
		Release|Any CPU = Release|Any CPU
	EndGlobalSection
	GlobalSection(ProjectConfigurationPlatforms) = postSolution
		{9ABDF611-9215-96E6-1BA1-1B72655729B3}.Debug|Any CPU.ActiveCfg = Debug|Any CPU
		{9ABDF611-9215-96E6-1BA1-1B72655729B3}.Debug|Any CPU.Build.0 = Debug|Any CPU
		{9ABDF611-9215-96E6-1BA1-1B72655729B3}.Release|Any CPU.ActiveCfg = Release|Any CPU
		{9ABDF611-9215-96E6-1BA1-1B72655729B3}.Release|Any CPU.Build.0 = Release|Any CPU
		{9DDC5251-D14B-FAB9-212D-1EE28BFC72F2}.Debug|Any CPU.ActiveCfg = Debug|Any CPU
		{9DDC5251-D14B-FAB9-212D-1EE28BFC72F2}.Debug|Any CPU.Build.0 = Debug|Any CPU
		{9DDC5251-D14B-FAB9-212D-1EE28BFC72F2}.Release|Any CPU.ActiveCfg = Release|Any CPU
		{9DDC5251-D14B-FAB9-212D-1EE28BFC72F2}.Release|Any CPU.Build.0 = Release|Any CPU
		{AE944AD7-02E4-0893-A9D3-CCCD6109EF57}.Debug|Any CPU.ActiveCfg = Debug|Any CPU
		{AE944AD7-02E4-0893-A9D3-CCCD6109EF57}.Debug|Any CPU.Build.0 = Debug|Any CPU
		{AE944AD7-02E4-0893-A9D3-CCCD6109EF57}.Release|Any CPU.ActiveCfg = Release|Any CPU
		{AE944AD7-02E4-0893-A9D3-CCCD6109EF57}.Release|Any CPU.Build.0 = Release|Any CPU
	EndGlobalSection
	GlobalSection(SolutionProperties) = preSolution
		HideSolutionNode = FALSE
	EndGlobalSection
EndGlobal
